
Microsoft Visual Studio Solution File, Format Version 12.00
# Visual Studio Version 17
VisualStudioVersion = 17.0.31903.59
MinimumVisualStudioVersion = 10.0.40219.1
Project("{F184B08F-C81C-45F6-A57F-5ABD9991F28F}") = "Chapter01", "src\Chapter01\Chapter01.vbproj", "{91E002FE-E281-402D-A117-FC91CE882168}"
EndProject
Project("{F184B08F-C81C-45F6-A57F-5ABD9991F28F}") = "Chapter01.Tests", "tests\Chapter01.Tests\Chapter01.Tests.vbproj", "{9ED2D574-4349-4568-9F4A-FCE2D072E878}"
EndProject
Project("{F184B08F-C81C-45F6-A57F-5ABD9991F28F}") = "Chapter02", "src\Chapter02\Chapter02.vbproj", "{91E95768-A4F2-4B50-AD5F-4D7C61A1603B}"
EndProject
Project("{F184B08F-C81C-45F6-A57F-5ABD9991F28F}") = "Chapter02.Tests", "tests\Chapter02.Tests\Chapter02.Tests.vbproj", "{477664D6-B891-4BF4-912E-78887AD8CD18}"
EndProject
Project("{F184B08F-C81C-45F6-A57F-5ABD9991F28F}") = "Chapter03", "src\Chapter03\Chapter03.vbproj", "{A1666189-B1B8-4ECB-A2F3-AB521C8975B5}"
EndProject
Project("{F184B08F-C81C-45F6-A57F-5ABD9991F28F}") = "Chapter03.Tests", "tests\Chapter03.Tests\Chapter03.Tests.vbproj", "{6D3F7A43-BAD8-4990-9BF6-9B46E807CC3A}"
EndProject
Project("{F184B08F-C81C-45F6-A57F-5ABD9991F28F}") = "Chapter04", "src\Chapter04\Chapter04.vbproj", "{6AD27FD3-13B8-4891-AFEE-6F531159F0BB}"
EndProject
Project("{F184B08F-C81C-45F6-A57F-5ABD9991F28F}") = "Chapter04.Tests", "tests\Chapter04.Tests\Chapter04.Tests.vbproj", "{1D44EC30-B493-4567-892A-0A602EBF633B}"
EndProject
Project("{F184B08F-C81C-45F6-A57F-5ABD9991F28F}") = "Chapter05", "src\Chapter05\Chapter05.vbproj", "{A79E7408-0DD3-400B-B502-021ED85FE93A}"
EndProject
Project("{F184B08F-C81C-45F6-A57F-5ABD9991F28F}") = "Chapter05.Tests", "tests\Chapter05.Tests\Chapter05.Tests.vbproj", "{BBC6A892-A18F-4F7E-B809-A0DBAAE1417A}"
EndProject
Project("{F184B08F-C81C-45F6-A57F-5ABD9991F28F}") = "Chapter06", "src\Chapter06\Chapter06.vbproj", "{79FAA960-DCC8-42A8-860A-8E4DBBC0B076}"
EndProject
Project("{F184B08F-C81C-45F6-A57F-5ABD9991F28F}") = "Chapter06.Tests", "tests\Chapter06.Tests\Chapter06.Tests.vbproj", "{1003350D-159D-4858-81C4-03736779F48F}"
EndProject
Project("{F184B08F-C81C-45F6-A57F-5ABD9991F28F}") = "Chapter07", "src\Chapter07\Chapter07.vbproj", "{FB32FBC7-EE5E-469F-A3D1-C6C7022284E6}"
EndProject
Project("{F184B08F-C81C-45F6-A57F-5ABD9991F28F}") = "Chapter07.Tests", "tests\Chapter07.Tests\Chapter07.Tests.vbproj", "{B98CA4DA-1F20-4085-9FA3-8831D5BAB46A}"
EndProject
Project("{F184B08F-C81C-45F6-A57F-5ABD9991F28F}") = "Chapter08", "src\Chapter08\Chapter08.vbproj", "{13738DEE-C09D-42E7-B5A9-D2A3EF61CBD7}"
EndProject
Project("{F184B08F-C81C-45F6-A57F-5ABD9991F28F}") = "Chapter08.Tests", "tests\Chapter08.Tests\Chapter08.Tests.vbproj", "{B25CFD4F-E5AF-48FE-A909-5AA4F66975AE}"
EndProject
Project("{F184B08F-C81C-45F6-A57F-5ABD9991F28F}") = "Chapter01.Playground", "playground\Chapter01\Chapter01.Playground.vbproj", "{C1000001-0000-0000-0000-000000000001}"
EndProject
Project("{F184B08F-C81C-45F6-A57F-5ABD9991F28F}") = "Chapter02.Playground", "playground\Chapter02\Chapter02.Playground.vbproj", "{C1000002-0000-0000-0000-000000000002}"
EndProject
Project("{F184B08F-C81C-45F6-A57F-5ABD9991F28F}") = "Chapter03.Playground", "playground\Chapter03\Chapter03.Playground.vbproj", "{C1000003-0000-0000-0000-000000000003}"
EndProject
Project("{F184B08F-C81C-45F6-A57F-5ABD9991F28F}") = "Chapter04.Playground", "playground\Chapter04\Chapter04.Playground.vbproj", "{C1000004-0000-0000-0000-000000000004}"
EndProject
Project("{F184B08F-C81C-45F6-A57F-5ABD9991F28F}") = "Chapter05.Playground", "playground\Chapter05\Chapter05.Playground.vbproj", "{C1000005-0000-0000-0000-000000000005}"
EndProject
Project("{F184B08F-C81C-45F6-A57F-5ABD9991F28F}") = "Chapter06.Playground", "playground\Chapter06\Chapter06.Playground.vbproj", "{C1000006-0000-0000-0000-000000000006}"
EndProject
Project("{F184B08F-C81C-45F6-A57F-5ABD9991F28F}") = "Chapter07.Playground", "playground\Chapter07\Chapter07.Playground.vbproj", "{C1000007-0000-0000-0000-000000000007}"
EndProject
Project("{F184B08F-C81C-45F6-A57F-5ABD9991F28F}") = "Chapter08.Playground", "playground\Chapter08\Chapter08.Playground.vbproj", "{C1000008-0000-0000-0000-000000000008}"
EndProject
Project("{F184B08F-C81C-45F6-A57F-5ABD9991F28F}") = "Chapter09", "src\Chapter09\Chapter09.vbproj", "{D9E002FE-E281-402D-A117-FC91CE882169}"
EndProject
Project("{F184B08F-C81C-45F6-A57F-5ABD9991F28F}") = "Chapter09.Tests", "tests\Chapter09.Tests\Chapter09.Tests.vbproj", "{9ED2D574-4349-4568-9F4A-FCE2D072E880}"
EndProject
Project("{F184B08F-C81C-45F6-A57F-5ABD9991F28F}") = "Chapter09.Playground", "playground\Chapter09\Chapter09.Playground.vbproj", "{C1000009-0000-0000-0000-000000000009}"
EndProject
Global
	GlobalSection(SolutionConfigurationPlatforms) = preSolution
		Debug|Any CPU = Debug|Any CPU
		Release|Any CPU = Release|Any CPU
	EndGlobalSection
	GlobalSection(ProjectConfigurationPlatforms) = postSolution
		{91E002FE-E281-402D-A117-FC91CE882168}.Debug|Any CPU.ActiveCfg = Debug|Any CPU
		{91E002FE-E281-402D-A117-FC91CE882168}.Debug|Any CPU.Build.0 = Debug|Any CPU
		{91E002FE-E281-402D-A117-FC91CE882168}.Release|Any CPU.ActiveCfg = Release|Any CPU
		{91E002FE-E281-402D-A117-FC91CE882168}.Release|Any CPU.Build.0 = Release|Any CPU
		{9ED2D574-4349-4568-9F4A-FCE2D072E878}.Debug|Any CPU.ActiveCfg = Debug|Any CPU
		{9ED2D574-4349-4568-9F4A-FCE2D072E878}.Debug|Any CPU.Build.0 = Debug|Any CPU
		{9ED2D574-4349-4568-9F4A-FCE2D072E878}.Release|Any CPU.ActiveCfg = Release|Any CPU
		{9ED2D574-4349-4568-9F4A-FCE2D072E878}.Release|Any CPU.Build.0 = Release|Any CPU
	EndGlobalSection
		{91E95768-A4F2-4B50-AD5F-4D7C61A1603B}.Debug|Any CPU.ActiveCfg = Debug|Any CPU
		{91E95768-A4F2-4B50-AD5F-4D7C61A1603B}.Debug|Any CPU.Build.0 = Debug|Any CPU
		{91E95768-A4F2-4B50-AD5F-4D7C61A1603B}.Release|Any CPU.ActiveCfg = Release|Any CPU
		{91E95768-A4F2-4B50-AD5F-4D7C61A1603B}.Release|Any CPU.Build.0 = Release|Any CPU
		{477664D6-B891-4BF4-912E-78887AD8CD18}.Debug|Any CPU.ActiveCfg = Debug|Any CPU
		{477664D6-B891-4BF4-912E-78887AD8CD18}.Debug|Any CPU.Build.0 = Debug|Any CPU
		{477664D6-B891-4BF4-912E-78887AD8CD18}.Release|Any CPU.ActiveCfg = Release|Any CPU
		{477664D6-B891-4BF4-912E-78887AD8CD18}.Release|Any CPU.Build.0 = Release|Any CPU
		{A1666189-B1B8-4ECB-A2F3-AB521C8975B5}.Debug|Any CPU.ActiveCfg = Debug|Any CPU
		{A1666189-B1B8-4ECB-A2F3-AB521C8975B5}.Debug|Any CPU.Build.0 = Debug|Any CPU
		{A1666189-B1B8-4ECB-A2F3-AB521C8975B5}.Release|Any CPU.ActiveCfg = Release|Any CPU
		{A1666189-B1B8-4ECB-A2F3-AB521C8975B5}.Release|Any CPU.Build.0 = Release|Any CPU
		{6D3F7A43-BAD8-4990-9BF6-9B46E807CC3A}.Debug|Any CPU.ActiveCfg = Debug|Any CPU
		{6D3F7A43-BAD8-4990-9BF6-9B46E807CC3A}.Debug|Any CPU.Build.0 = Debug|Any CPU
		{6D3F7A43-BAD8-4990-9BF6-9B46E807CC3A}.Release|Any CPU.ActiveCfg = Release|Any CPU
		{6D3F7A43-BAD8-4990-9BF6-9B46E807CC3A}.Release|Any CPU.Build.0 = Release|Any CPU
		{6AD27FD3-13B8-4891-AFEE-6F531159F0BB}.Debug|Any CPU.ActiveCfg = Debug|Any CPU
		{6AD27FD3-13B8-4891-AFEE-6F531159F0BB}.Debug|Any CPU.Build.0 = Debug|Any CPU
		{6AD27FD3-13B8-4891-AFEE-6F531159F0BB}.Release|Any CPU.ActiveCfg = Release|Any CPU
		{6AD27FD3-13B8-4891-AFEE-6F531159F0BB}.Release|Any CPU.Build.0 = Release|Any CPU
		{1D44EC30-B493-4567-892A-0A602EBF633B}.Debug|Any CPU.ActiveCfg = Debug|Any CPU
		{1D44EC30-B493-4567-892A-0A602EBF633B}.Debug|Any CPU.Build.0 = Debug|Any CPU
		{1D44EC30-B493-4567-892A-0A602EBF633B}.Release|Any CPU.ActiveCfg = Release|Any CPU
		{1D44EC30-B493-4567-892A-0A602EBF633B}.Release|Any CPU.Build.0 = Release|Any CPU
		{A79E7408-0DD3-400B-B502-021ED85FE93A}.Debug|Any CPU.ActiveCfg = Debug|Any CPU
		{A79E7408-0DD3-400B-B502-021ED85FE93A}.Debug|Any CPU.Build.0 = Debug|Any CPU
		{A79E7408-0DD3-400B-B502-021ED85FE93A}.Release|Any CPU.ActiveCfg = Release|Any CPU
		{A79E7408-0DD3-400B-B502-021ED85FE93A}.Release|Any CPU.Build.0 = Release|Any CPU
		{BBC6A892-A18F-4F7E-B809-A0DBAAE1417A}.Debug|Any CPU.ActiveCfg = Debug|Any CPU
		{BBC6A892-A18F-4F7E-B809-A0DBAAE1417A}.Debug|Any CPU.Build.0 = Debug|Any CPU
		{BBC6A892-A18F-4F7E-B809-A0DBAAE1417A}.Release|Any CPU.ActiveCfg = Release|Any CPU
		{BBC6A892-A18F-4F7E-B809-A0DBAAE1417A}.Release|Any CPU.Build.0 = Release|Any CPU
		{79FAA960-DCC8-42A8-860A-8E4DBBC0B076}.Debug|Any CPU.ActiveCfg = Debug|Any CPU
		{79FAA960-DCC8-42A8-860A-8E4DBBC0B076}.Debug|Any CPU.Build.0 = Debug|Any CPU
		{79FAA960-DCC8-42A8-860A-8E4DBBC0B076}.Release|Any CPU.ActiveCfg = Release|Any CPU
		{79FAA960-DCC8-42A8-860A-8E4DBBC0B076}.Release|Any CPU.Build.0 = Release|Any CPU
		{1003350D-159D-4858-81C4-03736779F48F}.Debug|Any CPU.ActiveCfg = Debug|Any CPU
		{1003350D-159D-4858-81C4-03736779F48F}.Debug|Any CPU.Build.0 = Debug|Any CPU
		{1003350D-159D-4858-81C4-03736779F48F}.Release|Any CPU.ActiveCfg = Release|Any CPU
		{1003350D-159D-4858-81C4-03736779F48F}.Release|Any CPU.Build.0 = Release|Any CPU
		{FB32FBC7-EE5E-469F-A3D1-C6C7022284E6}.Debug|Any CPU.ActiveCfg = Debug|Any CPU
		{FB32FBC7-EE5E-469F-A3D1-C6C7022284E6}.Debug|Any CPU.Build.0 = Debug|Any CPU
		{FB32FBC7-EE5E-469F-A3D1-C6C7022284E6}.Release|Any CPU.ActiveCfg = Release|Any CPU
		{FB32FBC7-EE5E-469F-A3D1-C6C7022284E6}.Release|Any CPU.Build.0 = Release|Any CPU
		{B98CA4DA-1F20-4085-9FA3-8831D5BAB46A}.Debug|Any CPU.ActiveCfg = Debug|Any CPU
		{B98CA4DA-1F20-4085-9FA3-8831D5BAB46A}.Debug|Any CPU.Build.0 = Debug|Any CPU
		{B98CA4DA-1F20-4085-9FA3-8831D5BAB46A}.Release|Any CPU.ActiveCfg = Release|Any CPU
		{B98CA4DA-1F20-4085-9FA3-8831D5BAB46A}.Release|Any CPU.Build.0 = Release|Any CPU
		{13738DEE-C09D-42E7-B5A9-D2A3EF61CBD7}.Debug|Any CPU.ActiveCfg = Debug|Any CPU
		{13738DEE-C09D-42E7-B5A9-D2A3EF61CBD7}.Debug|Any CPU.Build.0 = Debug|Any CPU
		{13738DEE-C09D-42E7-B5A9-D2A3EF61CBD7}.Release|Any CPU.ActiveCfg = Release|Any CPU
		{13738DEE-C09D-42E7-B5A9-D2A3EF61CBD7}.Release|Any CPU.Build.0 = Release|Any CPU
		{B25CFD4F-E5AF-48FE-A909-5AA4F66975AE}.Debug|Any CPU.ActiveCfg = Debug|Any CPU
		{B25CFD4F-E5AF-48FE-A909-5AA4F66975AE}.Debug|Any CPU.Build.0 = Debug|Any CPU
		{B25CFD4F-E5AF-48FE-A909-5AA4F66975AE}.Release|Any CPU.ActiveCfg = Release|Any CPU
		{B25CFD4F-E5AF-48FE-A909-5AA4F66975AE}.Release|Any CPU.Build.0 = Release|Any CPU
		{C1000001-0000-0000-0000-000000000001}.Debug|Any CPU.ActiveCfg = Debug|Any CPU
		{C1000001-0000-0000-0000-000000000001}.Debug|Any CPU.Build.0 = Debug|Any CPU
		{C1000001-0000-0000-0000-000000000001}.Release|Any CPU.ActiveCfg = Release|Any CPU
		{C1000001-0000-0000-0000-000000000001}.Release|Any CPU.Build.0 = Release|Any CPU
		{C1000002-0000-0000-0000-000000000002}.Debug|Any CPU.ActiveCfg = Debug|Any CPU
		{C1000002-0000-0000-0000-000000000002}.Debug|Any CPU.Build.0 = Debug|Any CPU
		{C1000002-0000-0000-0000-000000000002}.Release|Any CPU.ActiveCfg = Release|Any CPU
		{C1000002-0000-0000-0000-000000000002}.Release|Any CPU.Build.0 = Release|Any CPU
		{C1000003-0000-0000-0000-000000000003}.Debug|Any CPU.ActiveCfg = Debug|Any CPU
		{C1000003-0000-0000-0000-000000000003}.Debug|Any CPU.Build.0 = Debug|Any CPU
		{C1000003-0000-0000-0000-000000000003}.Release|Any CPU.ActiveCfg = Release|Any CPU
		{C1000003-0000-0000-0000-000000000003}.Release|Any CPU.Build.0 = Release|Any CPU
		{C1000004-0000-0000-0000-000000000004}.Debug|Any CPU.ActiveCfg = Debug|Any CPU
		{C1000004-0000-0000-0000-000000000004}.Debug|Any CPU.Build.0 = Debug|Any CPU
		{C1000004-0000-0000-0000-000000000004}.Release|Any CPU.ActiveCfg = Release|Any CPU
		{C1000004-0000-0000-0000-000000000004}.Release|Any CPU.Build.0 = Release|Any CPU
		{C1000005-0000-0000-0000-000000000005}.Debug|Any CPU.ActiveCfg = Debug|Any CPU
		{C1000005-0000-0000-0000-000000000005}.Debug|Any CPU.Build.0 = Debug|Any CPU
		{C1000005-0000-0000-0000-000000000005}.Release|Any CPU.ActiveCfg = Release|Any CPU
		{C1000005-0000-0000-0000-000000000005}.Release|Any CPU.Build.0 = Release|Any CPU
		{C1000006-0000-0000-0000-000000000006}.Debug|Any CPU.ActiveCfg = Debug|Any CPU
		{C1000006-0000-0000-0000-000000000006}.Debug|Any CPU.Build.0 = Debug|Any CPU
		{C1000006-0000-0000-0000-000000000006}.Release|Any CPU.ActiveCfg = Release|Any CPU
		{C1000006-0000-0000-0000-000000000006}.Release|Any CPU.Build.0 = Release|Any CPU
		{C1000007-0000-0000-0000-000000000007}.Debug|Any CPU.ActiveCfg = Debug|Any CPU
		{C1000007-0000-0000-0000-000000000007}.Debug|Any CPU.Build.0 = Debug|Any CPU
		{C1000007-0000-0000-0000-000000000007}.Release|Any CPU.ActiveCfg = Release|Any CPU
		{C1000007-0000-0000-0000-000000000007}.Release|Any CPU.Build.0 = Release|Any CPU
		{C1000008-0000-0000-0000-000000000008}.Debug|Any CPU.ActiveCfg = Debug|Any CPU
		{C1000008-0000-0000-0000-000000000008}.Debug|Any CPU.Build.0 = Debug|Any CPU
		{C1000008-0000-0000-0000-000000000008}.Release|Any CPU.ActiveCfg = Release|Any CPU
		{C1000008-0000-0000-0000-000000000008}.Release|Any CPU.Build.0 = Release|Any CPU
		{D9E002FE-E281-402D-A117-FC91CE882169}.Debug|Any CPU.ActiveCfg = Debug|Any CPU
		{D9E002FE-E281-402D-A117-FC91CE882169}.Debug|Any CPU.Build.0 = Debug|Any CPU
		{D9E002FE-E281-402D-A117-FC91CE882169}.Release|Any CPU.ActiveCfg = Release|Any CPU
		{D9E002FE-E281-402D-A117-FC91CE882169}.Release|Any CPU.Build.0 = Release|Any CPU
		{9ED2D574-4349-4568-9F4A-FCE2D072E880}.Debug|Any CPU.ActiveCfg = Debug|Any CPU
		{9ED2D574-4349-4568-9F4A-FCE2D072E880}.Debug|Any CPU.Build.0 = Debug|Any CPU
		{9ED2D574-4349-4568-9F4A-FCE2D072E880}.Release|Any CPU.ActiveCfg = Release|Any CPU
		{9ED2D574-4349-4568-9F4A-FCE2D072E880}.Release|Any CPU.Build.0 = Release|Any CPU
		{C1000009-0000-0000-0000-000000000009}.Debug|Any CPU.ActiveCfg = Debug|Any CPU
		{C1000009-0000-0000-0000-000000000009}.Debug|Any CPU.Build.0 = Debug|Any CPU
		{C1000009-0000-0000-0000-000000000009}.Release|Any CPU.ActiveCfg = Release|Any CPU
		{C1000009-0000-0000-0000-000000000009}.Release|Any CPU.Build.0 = Release|Any CPU
	EndGlobalSection
	GlobalSection(SolutionProperties) = preSolution
		HideSolutionNode = FALSE
	EndGlobalSection
EndGlobal
